[[package]]
name = "slack-sdk"
version = "3.15.2"
description = "The Slack API Platform SDK for Python"
category = "main"
optional = false
python-versions = ">=3.6.0"

[package.extras]
optional = ["aiodns (>1.0)", "aiohttp (>=3.7.3,<4)", "boto3 (<=2)", "SQLAlchemy (>=1,<2)", "websockets (>=10,<11)", "websocket-client (>=1,<2)"]
testing = ["pytest (>=6.2.5,<7)", "pytest-asyncio (<1)", "Flask-Sockets (>=0.2,<1)", "Flask (>=1,<2)", "Werkzeug (<2)", "itsdangerous (==2.0.1)", "pytest-cov (>=2,<3)", "codecov (>=2,<3)", "flake8 (>=4,<5)", "black (==22.1.0)", "psutil (>=5,<6)", "databases (>=0.5)", "boto3 (<=2)", "moto (>=3,<4)"]

[metadata]
lock-version = "1.1"
python-versions = "^3.9"
content-hash = "1356509d4344c444c9dc90b1075d05edb8e935f9e0f11b16b41c563723b00c13"

[metadata.files]
slack-sdk = [
    {file = "slack_sdk-3.15.2-py2.py3-none-any.whl", hash = "sha256:e1fa26786169176e707676decc287fd9d3d547bbc43c0a1a4f99eb373b07da94"},
    {file = "slack_sdk-3.15.2.tar.gz", hash = "sha256:128f3bb0b5b91454a3d5f140a61f3db370a0e1b50ffe0a8d9e9ebe0e894faed7"},
]
